// !$*UTF8*$!
{
	archiveVersion = 1;
	classes = {
	};
	objectVersion = 46;
	objects = {

/* Begin PBXBuildFile section */
		F38B8C861C3D101400442D04 /* main.m in Sources */ = {isa = PBXBuildFile; fileRef = F38B8C851C3D101400442D04 /* main.m */; };
		F38B8C891C3D101400442D04 /* AppDelegate.m in Sources */ = {isa = PBXBuildFile; fileRef = F38B8C881C3D101400442D04 /* AppDelegate.m */; };
		F38B8C8C1C3D101400442D04 /* ViewController.m in Sources */ = {isa = PBXBuildFile; fileRef = F38B8C8B1C3D101400442D04 /* ViewController.m */; };
		F38B8C8F1C3D101400442D04 /* Main.storyboard in Resources */ = {isa = PBXBuildFile; fileRef = F38B8C8D1C3D101400442D04 /* Main.storyboard */; };
		F38B8C911C3D101400442D04 /* Assets.xcassets in Resources */ = {isa = PBXBuildFile; fileRef = F38B8C901C3D101400442D04 /* Assets.xcassets */; };
		F38B8C941C3D101400442D04 /* LaunchScreen.storyboard in Resources */ = {isa = PBXBuildFile; fileRef = F38B8C921C3D101400442D04 /* LaunchScreen.storyboard */; };
		F38B8C9F1C3D101400442D04 /* UI_Data_NSURLSession_HomeWorkTests.m in Sources */ = {isa = PBXBuildFile; fileRef = F38B8C9E1C3D101400442D04 /* UI_Data_NSURLSession_HomeWorkTests.m */; };
		F38B8CAA1C3D101400442D04 /* UI_Data_NSURLSession_HomeWorkUITests.m in Sources */ = {isa = PBXBuildFile; fileRef = F38B8CA91C3D101400442D04 /* UI_Data_NSURLSession_HomeWorkUITests.m */; };
		F38B8CB91C3D151F00442D04 /* ModelOfMtime.m in Sources */ = {isa = PBXBuildFile; fileRef = F38B8CB81C3D151F00442D04 /* ModelOfMtime.m */; };
		F38B8CC31C3D284600442D04 /* CellOfContect.m in Sources */ = {isa = PBXBuildFile; fileRef = F38B8CC11C3D284600442D04 /* CellOfContect.m */; };
		F38B8CC41C3D284600442D04 /* CellOfContect.xib in Resources */ = {isa = PBXBuildFile; fileRef = F38B8CC21C3D284600442D04 /* CellOfContect.xib */; };
/* End PBXBuildFile section */

/* Begin PBXContainerItemProxy section */
		F38B8C9B1C3D101400442D04 /* PBXContainerItemProxy */ = {
			isa = PBXContainerItemProxy;
			containerPortal = F38B8C791C3D101400442D04 /* Project object */;
			proxyType = 1;
			remoteGlobalIDString = F38B8C801C3D101400442D04;
			remoteInfo = UI_Data_NSURLSession_HomeWork;
		};
		F38B8CA61C3D101400442D04 /* PBXContainerItemProxy */ = {
			isa = PBXContainerItemProxy;
			containerPortal = F38B8C791C3D101400442D04 /* Project object */;
			proxyType = 1;
			remoteGlobalIDString = F38B8C801C3D101400442D04;
			remoteInfo = UI_Data_NSURLSession_HomeWork;
		};
/* End PBXContainerItemProxy section */

/* Begin PBXFileReference section */
		F38B8C811C3D101400442D04 /* UI_Data_NSURLSession_HomeWork.app */ = {isa = PBXFileReference; explicitFileType = wrapper.application; includeInIndex = 0; path = UI_Data_NSURLSession_HomeWork.app; sourceTree = BUILT_PRODUCTS_DIR; };
		F38B8C851C3D101400442D04 /* main.m */ = {isa = PBXFileReference; lastKnownFileType = sourcecode.c.objc; path = main.m; sourceTree = "<group>"; };
		F38B8C871C3D101400442D04 /* AppDelegate.h */ = {isa = PBXFileReference; lastKnownFileType = sourcecode.c.h; path = AppDelegate.h; sourceTree = "<group>"; };
		F38B8C881C3D101400442D04 /* AppDelegate.m */ = {isa = PBXFileReference; lastKnownFileType = sourcecode.c.objc; path = AppDelegate.m; sourceTree = "<group>"; };
		F38B8C8A1C3D101400442D04 /* ViewController.h */ = {isa = PBXFileReference; lastKnownFileType = sourcecode.c.h; path = ViewController.h; sourceTree = "<group>"; };
		F38B8C8B1C3D101400442D04 /* ViewController.m */ = {isa = PBXFileReference; lastKnownFileType = sourcecode.c.objc; path = ViewController.m; sourceTree = "<group>"; };
		F38B8C8E1C3D101400442D04 /* Base */ = {isa = PBXFileReference; lastKnownFileType = file.storyboard; name = Base; path = Base.lproj/Main.storyboard; sourceTree = "<group>"; };
		F38B8C901C3D101400442D04 /* Assets.xcassets */ = {isa = PBXFileReference; lastKnownFileType = folder.assetcatalog; path = Assets.xcassets; sourceTree = "<group>"; };
		F38B8C931C3D101400442D04 /* Base */ = {isa = PBXFileReference; lastKnownFileType = file.storyboard; name = Base; path = Base.lproj/LaunchScreen.storyboard; sourceTree = "<group>"; };
		F38B8C951C3D101400442D04 /* Info.plist */ = {isa = PBXFileReference; lastKnownFileType = text.plist.xml; path = Info.plist; sourceTree = "<group>"; };
		F38B8C9A1C3D101400442D04 /* UI_Data_NSURLSession_HomeWorkTests.xctest */ = {isa = PBXFileReference; explicitFileType = wrapper.cfbundle; includeInIndex = 0; path = UI_Data_NSURLSession_HomeWorkTests.xctest; sourceTree = BUILT_PRODUCTS_DIR; };
		F38B8C9E1C3D101400442D04 /* UI_Data_NSURLSession_HomeWorkTests.m */ = {isa = PBXFileReference; lastKnownFileType = sourcecode.c.objc; path = UI_Data_NSURLSession_HomeWorkTests.m; sourceTree = "<group>"; };
		F38B8CA01C3D101400442D04 /* Info.plist */ = {isa = PBXFileReference; lastKnownFileType = text.plist.xml; path = Info.plist; sourceTree = "<group>"; };
		F38B8CA51C3D101400442D04 /* UI_Data_NSURLSession_HomeWorkUITests.xctest */ = {isa = PBXFileReference; explicitFileType = wrapper.cfbundle; includeInIndex = 0; path = UI_Data_NSURLSession_HomeWorkUITests.xctest; sourceTree = BUILT_PRODUCTS_DIR; };
		F38B8CA91C3D101400442D04 /* UI_Data_NSURLSession_HomeWorkUITests.m */ = {isa = PBXFileReference; lastKnownFileType = sourcecode.c.objc; path = UI_Data_NSURLSession_HomeWorkUITests.m; sourceTree = "<group>"; };
		F38B8CAB1C3D101400442D04 /* Info.plist */ = {isa = PBXFileReference; lastKnownFileType = text.plist.xml; path = Info.plist; sourceTree = "<group>"; };
		F38B8CB71C3D151F00442D04 /* ModelOfMtime.h */ = {isa = PBXFileReference; fileEncoding = 4; lastKnownFileType = sourcecode.c.h; path = ModelOfMtime.h; sourceTree = "<group>"; };
		F38B8CB81C3D151F00442D04 /* ModelOfMtime.m */ = {isa = PBXFileReference; fileEncoding = 4; lastKnownFileType = sourcecode.c.objc; path = ModelOfMtime.m; sourceTree = "<group>"; };
		F38B8CC01C3D284600442D04 /* CellOfContect.h */ = {isa = PBXFileReference; fileEncoding = 4; lastKnownFileType = sourcecode.c.h; path = CellOfContect.h; sourceTree = "<group>"; };
		F38B8CC11C3D284600442D04 /* CellOfContect.m */ = {isa = PBXFileReference; fileEncoding = 4; lastKnownFileType = sourcecode.c.objc; path = CellOfContect.m; sourceTree = "<group>"; };
		F38B8CC21C3D284600442D04 /* CellOfContect.xib */ = {isa = PBXFileReference; fileEncoding = 4; lastKnownFileType = file.xib; path = CellOfContect.xib; sourceTree = "<group>"; };
/* End PBXFileReference section */

/* Begin PBXFrameworksBuildPhase section */
		F38B8C7E1C3D101400442D04 /* Frameworks */ = {
			isa = PBXFrameworksBuildPhase;
			buildActionMask = 2147483647;
			files = (
			);
			runOnlyForDeploymentPostprocessing = 0;
		};
		F38B8C971C3D101400442D04 /* Frameworks */ = {
			isa = PBXFrameworksBuildPhase;
			buildActionMask = 2147483647;
			files = (
			);
			runOnlyForDeploymentPostprocessing = 0;
		};
		F38B8CA21C3D101400442D04 /* Frameworks */ = {
			isa = PBXFrameworksBuildPhase;
			buildActionMask = 2147483647;
			files = (
			);
			runOnlyForDeploymentPostprocessing = 0;
		};
/* End PBXFrameworksBuildPhase section */

/* Begin PBXGroup section */
		F38B8C781C3D101400442D04 = {
			isa = PBXGroup;
			children = (
				F38B8C831C3D101400442D04 /* UI_Data_NSURLSession_HomeWork */,
				F38B8C9D1C3D101400442D04 /* UI_Data_NSURLSession_HomeWorkTests */,
				F38B8CA81C3D101400442D04 /* UI_Data_NSURLSession_HomeWorkUITests */,
				F38B8C821C3D101400442D04 /* Products */,
			);
			sourceTree = "<group>";
		};
		F38B8C821C3D101400442D04 /* Products */ = {
			isa = PBXGroup;
			children = (
				F38B8C811C3D101400442D04 /* UI_Data_NSURLSession_HomeWork.app */,
				F38B8C9A1C3D101400442D04 /* UI_Data_NSURLSession_HomeWorkTests.xctest */,
				F38B8CA51C3D101400442D04 /* UI_Data_NSURLSession_HomeWorkUITests.xctest */,
			);
			name = Products;
			sourceTree = "<group>";
		};
		F38B8C831C3D101400442D04 /* UI_Data_NSURLSession_HomeWork */ = {
			isa = PBXGroup;
			children = (
				F38B8C871C3D101400442D04 /* AppDelegate.h */,
				F38B8C881C3D101400442D04 /* AppDelegate.m */,
				F38B8CBF1C3D1DB600442D04 /* View */,
				F38B8CBA1C3D1D6100442D04 /* Model */,
				F38B8CBB1C3D1D6C00442D04 /* Controller */,
				F38B8C8D1C3D101400442D04 /* Main.storyboard */,
				F38B8C901C3D101400442D04 /* Assets.xcassets */,
				F38B8C921C3D101400442D04 /* LaunchScreen.storyboard */,
				F38B8C951C3D101400442D04 /* Info.plist */,
				F38B8C841C3D101400442D04 /* Supporting Files */,
			);
			path = UI_Data_NSURLSession_HomeWork;
			sourceTree = "<group>";
		};
		F38B8C841C3D101400442D04 /* Supporting Files */ = {
			isa = PBXGroup;
			children = (
				F38B8C851C3D101400442D04 /* main.m */,
			);
			name = "Supporting Files";
			sourceTree = "<group>";
		};
		F38B8C9D1C3D101400442D04 /* UI_Data_NSURLSession_HomeWorkTests */ = {
			isa = PBXGroup;
			children = (
				F38B8C9E1C3D101400442D04 /* UI_Data_NSURLSession_HomeWorkTests.m */,
				F38B8CA01C3D101400442D04 /* Info.plist */,
			);
			path = UI_Data_NSURLSession_HomeWorkTests;
			sourceTree = "<group>";
		};
		F38B8CA81C3D101400442D04 /* UI_Data_NSURLSession_HomeWorkUITests */ = {
			isa = PBXGroup;
			children = (
				F38B8CA91C3D101400442D04 /* UI_Data_NSURLSession_HomeWorkUITests.m */,
				F38B8CAB1C3D101400442D04 /* Info.plist */,
			);
			path = UI_Data_NSURLSession_HomeWorkUITests;
			sourceTree = "<group>";
		};
		F38B8CBA1C3D1D6100442D04 /* Model */ = {
			isa = PBXGroup;
			children = (
				F38B8CB71C3D151F00442D04 /* ModelOfMtime.h */,
				F38B8CB81C3D151F00442D04 /* ModelOfMtime.m */,
			);
			name = Model;
			sourceTree = "<group>";
		};
		F38B8CBB1C3D1D6C00442D04 /* Controller */ = {
			isa = PBXGroup;
			children = (
				F38B8C8A1C3D101400442D04 /* ViewController.h */,
				F38B8C8B1C3D101400442D04 /* ViewController.m */,
			);
			name = Controller;
			sourceTree = "<group>";
		};
		F38B8CBF1C3D1DB600442D04 /* View */ = {
			isa = PBXGroup;
			children = (
				F38B8CC01C3D284600442D04 /* CellOfContect.h */,
				F38B8CC11C3D284600442D04 /* CellOfContect.m */,
				F38B8CC21C3D284600442D04 /* CellOfContect.xib */,
			);
			name = View;
			sourceTree = "<group>";
		};
/* End PBXGroup section */

/* Begin PBXNativeTarget section */
		F38B8C801C3D101400442D04 /* UI_Data_NSURLSession_HomeWork */ = {
			isa = PBXNativeTarget;
			buildConfigurationList = F38B8CAE1C3D101400442D04 /* Build configuration list for PBXNativeTarget "UI_Data_NSURLSession_HomeWork" */;
			buildPhases = (
				F38B8C7D1C3D101400442D04 /* Sources */,
				F38B8C7E1C3D101400442D04 /* Frameworks */,
				F38B8C7F1C3D101400442D04 /* Resources */,
			);
			buildRules = (
			);
			dependencies = (
			);
			name = UI_Data_NSURLSession_HomeWork;
			productName = UI_Data_NSURLSession_HomeWork;
			productReference = F38B8C811C3D101400442D04 /* UI_Data_NSURLSession_HomeWork.app */;
			productType = "com.apple.product-type.application";
		};
		F38B8C991C3D101400442D04 /* UI_Data_NSURLSession_HomeWorkTests */ = {
			isa = PBXNativeTarget;
			buildConfigurationList = F38B8CB11C3D101400442D04 /* Build configuration list for PBXNativeTarget "UI_Data_NSURLSession_HomeWorkTests" */;
			buildPhases = (
				F38B8C961C3D101400442D04 /* Sources */,
				F38B8C971C3D101400442D04 /* Frameworks */,
				F38B8C981C3D101400442D04 /* Resources */,
			);
			buildRules = (
			);
			dependencies = (
				F38B8C9C1C3D101400442D04 /* PBXTargetDependency */,
			);
			name = UI_Data_NSURLSession_HomeWorkTests;
			productName = UI_Data_NSURLSession_HomeWorkTests;
			productReference = F38B8C9A1C3D101400442D04 /* UI_Data_NSURLSession_HomeWorkTests.xctest */;
			productType = "com.apple.product-type.bundle.unit-test";
		};
		F38B8CA41C3D101400442D04 /* UI_Data_NSURLSession_HomeWorkUITests */ = {
			isa = PBXNativeTarget;
			buildConfigurationList = F38B8CB41C3D101400442D04 /* Build configuration list for PBXNativeTarget "UI_Data_NSURLSession_HomeWorkUITests" */;
			buildPhases = (
				F38B8CA11C3D101400442D04 /* Sources */,
				F38B8CA21C3D101400442D04 /* Frameworks */,
				F38B8CA31C3D101400442D04 /* Resources */,
			);
			buildRules = (
			);
			dependencies = (
				F38B8CA71C3D101400442D04 /* PBXTargetDependency */,
			);
			name = UI_Data_NSURLSession_HomeWorkUITests;
			productName = UI_Data_NSURLSession_HomeWorkUITests;
			productReference = F38B8CA51C3D101400442D04 /* UI_Data_NSURLSession_HomeWorkUITests.xctest */;
			productType = "com.apple.product-type.bundle.ui-testing";
		};
/* End PBXNativeTarget section */

/* Begin PBXProject section */
		F38B8C791C3D101400442D04 /* Project object */ = {
			isa = PBXProject;
			attributes = {
				LastUpgradeCheck = 0720;
				ORGANIZATIONNAME = sp;
				TargetAttributes = {
					F38B8C801C3D101400442D04 = {
						CreatedOnToolsVersion = 7.2;
					};
					F38B8C991C3D101400442D04 = {
						CreatedOnToolsVersion = 7.2;
						TestTargetID = F38B8C801C3D101400442D04;
					};
					F38B8CA41C3D101400442D04 = {
						CreatedOnToolsVersion = 7.2;
						TestTargetID = F38B8C801C3D101400442D04;
					};
				};
			};
			buildConfigurationList = F38B8C7C1C3D101400442D04 /* Build configuration list for PBXProject "UI_Data_NSURLSession_HomeWork" */;
			compatibilityVersion = "Xcode 3.2";
			developmentRegion = English;
			hasScannedForEncodings = 0;
			knownRegions = (
				en,
				Base,
			);
			mainGroup = F38B8C781C3D101400442D04;
			productRefGroup = F38B8C821C3D101400442D04 /* Products */;
			projectDirPath = "";
			projectRoot = "";
			targets = (
				F38B8C801C3D101400442D04 /* UI_Data_NSURLSession_HomeWork */,
				F38B8C991C3D101400442D04 /* UI_Data_NSURLSession_HomeWorkTests */,
				F38B8CA41C3D101400442D04 /* UI_Data_NSURLSession_HomeWorkUITests */,
			);
		};
/* End PBXProject section */

/* Begin PBXResourcesBuildPhase section */
		F38B8C7F1C3D101400442D04 /* Resources */ = {
			isa = PBXResourcesBuildPhase;
			buildActionMask = 2147483647;
			files = (
				F38B8C941C3D101400442D04 /* LaunchScreen.storyboard in Resources */,
				F38B8C911C3D101400442D04 /* Assets.xcassets in Resources */,
				F38B8C8F1C3D101400442D04 /* Main.storyboard in Resources */,
				F38B8CC41C3D284600442D04 /* CellOfContect.xib in Resources */,
			);
			runOnlyForDeploymentPostprocessing = 0;
		};
		F38B8C981C3D101400442D04 /* Resources */ = {
			isa = PBXResourcesBuildPhase;
			buildActionMask = 2147483647;
			files = (
			);
			runOnlyForDeploymentPostprocessing = 0;
		};
		F38B8CA31C3D101400442D04 /* Resources */ = {
			isa = PBXResourcesBuildPhase;
			buildActionMask = 2147483647;
			files = (
			);
			runOnlyForDeploymentPostprocessing = 0;
		};
/* End PBXResourcesBuildPhase section */

/* Begin PBXSourcesBuildPhase section */
		F38B8C7D1C3D101400442D04 /* Sources */ = {
			isa = PBXSourcesBuildPhase;
			buildActionMask = 2147483647;
			files = (
				F38B8C8C1C3D101400442D04 /* ViewController.m in Sources */,
				F38B8C891C3D101400442D04 /* AppDelegate.m in Sources */,
				F38B8C861C3D101400442D04 /* main.m in Sources */,
				F38B8CB91C3D151F00442D04 /* ModelOfMtime.m in Sources */,
				F38B8CC31C3D284600442D04 /* CellOfContect.m in Sources */,
			);
			runOnlyForDeploymentPostprocessing = 0;
		};
		F38B8C961C3D101400442D04 /* Sources */ = {
			isa = PBXSourcesBuildPhase;
			buildActionMask = 2147483647;
			files = (
				F38B8C9F1C3D101400442D04 /* UI_Data_NSURLSession_HomeWorkTests.m in Sources */,
			);
			runOnlyForDeploymentPostprocessing = 0;
		};
		F38B8CA11C3D101400442D04 /* Sources */ = {
			isa = PBXSourcesBuildPhase;
			buildActionMask = 2147483647;
			files = (
				F38B8CAA1C3D101400442D04 /* UI_Data_NSURLSession_HomeWorkUITests.m in Sources */,
			);
			runOnlyForDeploymentPostprocessing = 0;
		};
/* End PBXSourcesBuildPhase section */

/* Begin PBXTargetDependency section */
		F38B8C9C1C3D101400442D04 /* PBXTargetDependency */ = {
			isa = PBXTargetDependency;
			target = F38B8C801C3D101400442D04 /* UI_Data_NSURLSession_HomeWork */;
			targetProxy = F38B8C9B1C3D101400442D04 /* PBXContainerItemProxy */;
		};
		F38B8CA71C3D101400442D04 /* PBXTargetDependency */ = {
			isa = PBXTargetDependency;
			target = F38B8C801C3D101400442D04 /* UI_Data_NSURLSession_HomeWork */;
			targetProxy = F38B8CA61C3D101400442D04 /* PBXContainerItemProxy */;
		};
/* End PBXTargetDependency section */

/* Begin PBXVariantGroup section */
		F38B8C8D1C3D101400442D04 /* Main.storyboard */ = {
			isa = PBXVariantGroup;
			children = (
				F38B8C8E1C3D101400442D04 /* Base */,
			);
			name = Main.storyboard;
			sourceTree = "<group>";
		};
		F38B8C921C3D101400442D04 /* LaunchScreen.storyboard */ = {
			isa = PBXVariantGroup;
			children = (
				F38B8C931C3D101400442D04 /* Base */,
			);
			name = LaunchScreen.storyboard;
			sourceTree = "<group>";
		};
/* End PBXVariantGroup section */

/* Begin XCBuildConfiguration section */
		F38B8CAC1C3D101400442D04 /* Debug */ = {
			isa = XCBuildConfiguration;
			buildSettings = {
				ALWAYS_SEARCH_USER_PATHS = NO;
				CLANG_CXX_LANGUAGE_STANDARD = "gnu++0x";
				CLANG_CXX_LIBRARY = "libc++";
				CLANG_ENABLE_MODULES = YES;
				CLANG_ENABLE_OBJC_ARC = YES;
				CLANG_WARN_BOOL_CONVERSION = YES;
				CLANG_WARN_CONSTANT_CONVERSION = YES;
				CLANG_WARN_DIRECT_OBJC_ISA_USAGE = YES_ERROR;
				CLANG_WARN_EMPTY_BODY = YES;
				CLANG_WARN_ENUM_CONVERSION = YES;
				CLANG_WARN_INT_CONVERSION = YES;
				CLANG_WARN_OBJC_ROOT_CLASS = YES_ERROR;
				CLANG_WARN_UNREACHABLE_CODE = YES;
				CLANG_WARN__DUPLICATE_METHOD_MATCH = YES;
				"CODE_SIGN_IDENTITY[sdk=iphoneos*]" = "iPhone Developer";
				COPY_PHASE_STRIP = NO;
				DEBUG_INFORMATION_FORMAT = dwarf;
				ENABLE_STRICT_OBJC_MSGSEND = YES;
				ENABLE_TESTABILITY = YES;
				GCC_C_LANGUAGE_STANDARD = gnu99;
				GCC_DYNAMIC_NO_PIC = NO;
				GCC_NO_COMMON_BLOCKS = YES;
				GCC_OPTIMIZATION_LEVEL = 0;
				GCC_PREPROCESSOR_DEFINITIONS = (
					"DEBUG=1",
					"$(inherited)",
				);
				GCC_WARN_64_TO_32_BIT_CONVERSION = YES;
				GCC_WARN_ABOUT_RETURN_TYPE = YES_ERROR;
				GCC_WARN_UNDECLARED_SELECTOR = YES;
				GCC_WARN_UNINITIALIZED_AUTOS = YES_AGGRESSIVE;
				GCC_WARN_UNUSED_FUNCTION = YES;
				GCC_WARN_UNUSED_VARIABLE = YES;
				IPHONEOS_DEPLOYMENT_TARGET = 9.2;
				MTL_ENABLE_DEBUG_INFO = YES;
				ONLY_ACTIVE_ARCH = YES;
				SDKROOT = iphoneos;
				TARGETED_DEVICE_FAMILY = "1,2";
			};
			name = Debug;
		};
		F38B8CAD1C3D101400442D04 /* Release */ = {
			isa = XCBuildConfiguration;
			buildSettings = {
				ALWAYS_SEARCH_USER_PATHS = NO;
				CLANG_CXX_LANGUAGE_STANDARD = "gnu++0x";
				CLANG_CXX_LIBRARY = "libc++";
				CLANG_ENABLE_MODULES = YES;
				CLANG_ENABLE_OBJC_ARC = YES;
				CLANG_WARN_BOOL_CONVERSION = YES;
				CLANG_WARN_CONSTANT_CONVERSION = YES;
				CLANG_WARN_DIRECT_OBJC_ISA_USAGE = YES_ERROR;
				CLANG_WARN_EMPTY_BODY = YES;
				CLANG_WARN_ENUM_CONVERSION = YES;
				CLANG_WARN_INT_CONVERSION = YES;
				CLANG_WARN_OBJC_ROOT_CLASS = YES_ERROR;
				CLANG_WARN_UNREACHABLE_CODE = YES;
				CLANG_WARN__DUPLICATE_METHOD_MATCH = YES;
				"CODE_SIGN_IDENTITY[sdk=iphoneos*]" = "iPhone Developer";
				COPY_PHASE_STRIP = NO;
				DEBUG_INFORMATION_FORMAT = "dwarf-with-dsym";
				ENABLE_NS_ASSERTIONS = NO;
				ENABLE_STRICT_OBJC_MSGSEND = YES;
				GCC_C_LANGUAGE_STANDARD = gnu99;
				GCC_NO_COMMON_BLOCKS = YES;
				GCC_WARN_64_TO_32_BIT_CONVERSION = YES;
				GCC_WARN_ABOUT_RETURN_TYPE = YES_ERROR;
				GCC_WARN_UNDECLARED_SELECTOR = YES;
				GCC_WARN_UNINITIALIZED_AUTOS = YES_AGGRESSIVE;
				GCC_WARN_UNUSED_FUNCTION = YES;
				GCC_WARN_UNUSED_VARIABLE = YES;
				IPHONEOS_DEPLOYMENT_TARGET = 9.2;
				MTL_ENABLE_DEBUG_INFO = NO;
				SDKROOT = iphoneos;
				TARGETED_DEVICE_FAMILY = "1,2";
				VALIDATE_PRODUCT = YES;
			};
			name = Release;
		};
		F38B8CAF1C3D101400442D04 /* Debug */ = {
			isa = XCBuildConfiguration;
			buildSettings = {
				ASSETCATALOG_COMPILER_APPICON_NAME = AppIcon;
				INFOPLIST_FILE = UI_Data_NSURLSession_HomeWork/Info.plist;
				IPHONEOS_DEPLOYMENT_TARGET = 9.1;
				LD_RUNPATH_SEARCH_PATHS = "$(inherited) @executable_path/Frameworks";
				PRODUCT_BUNDLE_IDENTIFIER = "COM.LANOU.UI-Data-NSURLSession-HomeWork";
				PRODUCT_NAME = "$(TARGET_NAME)";
			};
			name = Debug;
		};
		F38B8CB01C3D101400442D04 /* Release */ = {
			isa = XCBuildConfiguration;
			buildSettings = {
				ASSETCATALOG_COMPILER_APPICON_NAME = AppIcon;
				INFOPLIST_FILE = UI_Data_NSURLSession_HomeWork/Info.plist;
				IPHONEOS_DEPLOYMENT_TARGET = 9.1;
				LD_RUNPATH_SEARCH_PATHS = "$(inherited) @executable_path/Frameworks";
				PRODUCT_BUNDLE_IDENTIFIER = "COM.LANOU.UI-Data-NSURLSession-HomeWork";
				PRODUCT_NAME = "$(TARGET_NAME)";
			};
			name = Release;
		};
		F38B8CB21C3D101400442D04 /* Debug */ = {
			isa = XCBuildConfiguration;
			buildSettings = {
				BUNDLE_LOADER = "$(TEST_HOST)";
				INFOPLIST_FILE = UI_Data_NSURLSession_HomeWorkTests/Info.plist;
				LD_RUNPATH_SEARCH_PATHS = "$(inherited) @executable_path/Frameworks @loader_path/Frameworks";
				PRODUCT_BUNDLE_IDENTIFIER = "COM.LANOU.UI-Data-NSURLSession-HomeWorkTests";
				PRODUCT_NAME = "$(TARGET_NAME)";
				TEST_HOST = "$(BUILT_PRODUCTS_DIR)/UI_Data_NSURLSession_HomeWork.app/UI_Data_NSURLSession_HomeWork";
			};
			name = Debug;
		};
		F38B8CB31C3D101400442D04 /* Release */ = {
			isa = XCBuildConfiguration;
			buildSettings = {
				BUNDLE_LOADER = "$(TEST_HOST)";
				INFOPLIST_FILE = UI_Data_NSURLSession_HomeWorkTests/Info.plist;
				LD_RUNPATH_SEARCH_PATHS = "$(inherited) @executable_path/Frameworks @loader_path/Frameworks";
				PRODUCT_BUNDLE_IDENTIFIER = "COM.LANOU.UI-Data-NSURLSession-HomeWorkTests";
				PRODUCT_NAME = "$(TARGET_NAME)";
				TEST_HOST = "$(BUILT_PRODUCTS_DIR)/UI_Data_NSURLSession_HomeWork.app/UI_Data_NSURLSession_HomeWork";
			};
			name = Release;
		};
		F38B8CB51C3D101400442D04 /* Debug */ = {
			isa = XCBuildConfiguration;
			buildSettings = {
				INFOPLIST_FILE = UI_Data_NSURLSession_HomeWorkUITests/Info.plist;
				LD_RUNPATH_SEARCH_PATHS = "$(inherited) @executable_path/Frameworks @loader_path/Frameworks";
				PRODUCT_BUNDLE_IDENTIFIER = "COM.LANOU.UI-Data-NSURLSession-HomeWorkUITests";
				PRODUCT_NAME = "$(TARGET_NAME)";
				TEST_TARGET_NAME = UI_Data_NSURLSession_HomeWork;
				USES_XCTRUNNER = YES;
			};
			name = Debug;
		};
		F38B8CB61C3D101400442D04 /* Release */ = {
			isa = XCBuildConfiguration;
			buildSettings = {
				INFOPLIST_FILE = UI_Data_NSURLSession_HomeWorkUITests/Info.plist;
				LD_RUNPATH_SEARCH_PATHS = "$(inherited) @executable_path/Frameworks @loader_path/Frameworks";
				PRODUCT_BUNDLE_IDENTIFIER = "COM.LANOU.UI-Data-NSURLSession-HomeWorkUITests";
				PRODUCT_NAME = "$(TARGET_NAME)";
				TEST_TARGET_NAME = UI_Data_NSURLSession_HomeWork;
				USES_XCTRUNNER = YES;
			};
			name = Release;
		};
/* End XCBuildConfiguration section */

/* Begin XCConfigurationList section */
		F38B8C7C1C3D101400442D04 /* Build configuration list for PBXProject "UI_Data_NSURLSession_HomeWork" */ = {
			isa = XCConfigurationList;
			buildConfigurations = (
				F38B8CAC1C3D101400442D04 /* Debug */,
				F38B8CAD1C3D101400442D04 /* Release */,
			);
			defaultConfigurationIsVisible = 0;
			defaultConfigurationName = Release;
		};
		F38B8CAE1C3D101400442D04 /* Build configuration list for PBXNativeTarget "UI_Data_NSURLSession_HomeWork" */ = {
			isa = XCConfigurationList;
			buildConfigurations = (
				F38B8CAF1C3D101400442D04 /* Debug */,
				F38B8CB01C3D101400442D04 /* Release */,
			);
			defaultConfigurationIsVisible = 0;
		};
		F38B8CB11C3D101400442D04 /* Build configuration list for PBXNativeTarget "UI_Data_NSURLSession_HomeWorkTests" */ = {
			isa = XCConfigurationList;
			buildConfigurations = (
				F38B8CB21C3D101400442D04 /* Debug */,
				F38B8CB31C3D101400442D04 /* Release */,
			);
			defaultConfigurationIsVisible = 0;
		};
		F38B8CB41C3D101400442D04 /* Build configuration list for PBXNativeTarget "UI_Data_NSURLSession_HomeWorkUITests" */ = {
			isa = XCConfigurationList;
			buildConfigurations = (
				F38B8CB51C3D101400442D04 /* Debug */,
				F38B8CB61C3D101400442D04 /* Release */,
			);
			defaultConfigurationIsVisible = 0;
		};
/* End XCConfigurationList section */
	};
	rootObject = F38B8C791C3D101400442D04 /* Project object */;
}
